// !$*UTF8*$!
{
	archiveVersion = 1;
	classes = {
	};
	objectVersion = 50;
	objects = {

/* Begin PBXBuildFile section */
		6B3790CB24536EC3005787CE /* AppDelegate.swift in Sources */ = {isa = PBXBuildFile; fileRef = 6B3790CA24536EC3005787CE /* AppDelegate.swift */; };
		6B3790CD24536EC3005787CE /* SceneDelegate.swift in Sources */ = {isa = PBXBuildFile; fileRef = 6B3790CC24536EC3005787CE /* SceneDelegate.swift */; };
		6B3790CF24536EC3005787CE /* ViewController.swift in Sources */ = {isa = PBXBuildFile; fileRef = 6B3790CE24536EC3005787CE /* ViewController.swift */; };
		6B3790D224536EC3005787CE /* Main.storyboard in Resources */ = {isa = PBXBuildFile; fileRef = 6B3790D024536EC3005787CE /* Main.storyboard */; };
		6B3790D424536EC6005787CE /* Assets.xcassets in Resources */ = {isa = PBXBuildFile; fileRef = 6B3790D324536EC6005787CE /* Assets.xcassets */; };
		6B3790D724536EC6005787CE /* LaunchScreen.storyboard in Resources */ = {isa = PBXBuildFile; fileRef = 6B3790D524536EC6005787CE /* LaunchScreen.storyboard */; };
		6B3790E224536EC6005787CE /* createToDoListTests.swift in Sources */ = {isa = PBXBuildFile; fileRef = 6B3790E124536EC6005787CE /* createToDoListTests.swift */; };
		6B3790EE245374AE005787CE /* ToDoModel.swift in Sources */ = {isa = PBXBuildFile; fileRef = 6B3790ED245374AE005787CE /* ToDoModel.swift */; };
		6B3790F024537CCE005787CE /* ToDoTableViewCell.swift in Sources */ = {isa = PBXBuildFile; fileRef = 6B3790EF24537CCE005787CE /* ToDoTableViewCell.swift */; };
		6B3790F224538615005787CE /* CreateViewController.swift in Sources */ = {isa = PBXBuildFile; fileRef = 6B3790F124538615005787CE /* CreateViewController.swift */; };
/* End PBXBuildFile section */

/* Begin PBXContainerItemProxy section */
		6B3790DE24536EC6005787CE /* PBXContainerItemProxy */ = {
			isa = PBXContainerItemProxy;
			containerPortal = 6B3790BF24536EC3005787CE /* Project object */;
			proxyType = 1;
			remoteGlobalIDString = 6B3790C624536EC3005787CE;
			remoteInfo = createToDoList;
		};
/* End PBXContainerItemProxy section */

/* Begin PBXFileReference section */
		6B3790C724536EC3005787CE /* createToDoList.app */ = {isa = PBXFileReference; explicitFileType = wrapper.application; includeInIndex = 0; path = createToDoList.app; sourceTree = BUILT_PRODUCTS_DIR; };
		6B3790CA24536EC3005787CE /* AppDelegate.swift */ = {isa = PBXFileReference; lastKnownFileType = sourcecode.swift; path = AppDelegate.swift; sourceTree = "<group>"; };
		6B3790CC24536EC3005787CE /* SceneDelegate.swift */ = {isa = PBXFileReference; lastKnownFileType = sourcecode.swift; path = SceneDelegate.swift; sourceTree = "<group>"; };
		6B3790CE24536EC3005787CE /* ViewController.swift */ = {isa = PBXFileReference; lastKnownFileType = sourcecode.swift; path = ViewController.swift; sourceTree = "<group>"; };
		6B3790D124536EC3005787CE /* Base */ = {isa = PBXFileReference; lastKnownFileType = file.storyboard; name = Base; path = Base.lproj/Main.storyboard; sourceTree = "<group>"; };
		6B3790D324536EC6005787CE /* Assets.xcassets */ = {isa = PBXFileReference; lastKnownFileType = folder.assetcatalog; path = Assets.xcassets; sourceTree = "<group>"; };
		6B3790D624536EC6005787CE /* Base */ = {isa = PBXFileReference; lastKnownFileType = file.storyboard; name = Base; path = Base.lproj/LaunchScreen.storyboard; sourceTree = "<group>"; };
		6B3790D824536EC6005787CE /* Info.plist */ = {isa = PBXFileReference; lastKnownFileType = text.plist.xml; path = Info.plist; sourceTree = "<group>"; };
		6B3790DD24536EC6005787CE /* createToDoListTests.xctest */ = {isa = PBXFileReference; explicitFileType = wrapper.cfbundle; includeInIndex = 0; path = createToDoListTests.xctest; sourceTree = BUILT_PRODUCTS_DIR; };
		6B3790E124536EC6005787CE /* createToDoListTests.swift */ = {isa = PBXFileReference; lastKnownFileType = sourcecode.swift; path = createToDoListTests.swift; sourceTree = "<group>"; };
		6B3790E324536EC6005787CE /* Info.plist */ = {isa = PBXFileReference; lastKnownFileType = text.plist.xml; path = Info.plist; sourceTree = "<group>"; };
		6B3790ED245374AE005787CE /* ToDoModel.swift */ = {isa = PBXFileReference; lastKnownFileType = sourcecode.swift; path = ToDoModel.swift; sourceTree = "<group>"; };
		6B3790EF24537CCE005787CE /* ToDoTableViewCell.swift */ = {isa = PBXFileReference; lastKnownFileType = sourcecode.swift; path = ToDoTableViewCell.swift; sourceTree = "<group>"; };
		6B3790F124538615005787CE /* CreateViewController.swift */ = {isa = PBXFileReference; lastKnownFileType = sourcecode.swift; path = CreateViewController.swift; sourceTree = "<group>"; };
/* End PBXFileReference section */

/* Begin PBXFrameworksBuildPhase section */
		6B3790C424536EC3005787CE /* Frameworks */ = {
			isa = PBXFrameworksBuildPhase;
			buildActionMask = 2147483647;
			files = (
			);
			runOnlyForDeploymentPostprocessing = 0;
		};
		6B3790DA24536EC6005787CE /* Frameworks */ = {
			isa = PBXFrameworksBuildPhase;
			buildActionMask = 2147483647;
			files = (
			);
			runOnlyForDeploymentPostprocessing = 0;
		};
/* End PBXFrameworksBuildPhase section */

/* Begin PBXGroup section */
		6B3790BE24536EC3005787CE = {
			isa = PBXGroup;
			children = (
				6B3790C924536EC3005787CE /* createToDoList */,
				6B3790E024536EC6005787CE /* createToDoListTests */,
				6B3790C824536EC3005787CE /* Products */,
			);
			sourceTree = "<group>";
		};
		6B3790C824536EC3005787CE /* Products */ = {
			isa = PBXGroup;
			children = (
				6B3790C724536EC3005787CE /* createToDoList.app */,
				6B3790DD24536EC6005787CE /* createToDoListTests.xctest */,
			);
			name = Products;
			sourceTree = "<group>";
		};
		6B3790C924536EC3005787CE /* createToDoList */ = {
			isa = PBXGroup;
			children = (
				6B3790CA24536EC3005787CE /* AppDelegate.swift */,
				6B3790CC24536EC3005787CE /* SceneDelegate.swift */,
				6B3790CE24536EC3005787CE /* ViewController.swift */,
				6B3790F124538615005787CE /* CreateViewController.swift */,
				6B3790EC24537482005787CE /* Models */,
				6B3790D024536EC3005787CE /* Main.storyboard */,
				6B3790D324536EC6005787CE /* Assets.xcassets */,
				6B3790D524536EC6005787CE /* LaunchScreen.storyboard */,
				6B3790D824536EC6005787CE /* Info.plist */,
				6B3790EF24537CCE005787CE /* ToDoTableViewCell.swift */,
			);
			path = createToDoList;
			sourceTree = "<group>";
		};
		6B3790E024536EC6005787CE /* createToDoListTests */ = {
			isa = PBXGroup;
			children = (
				6B3790E124536EC6005787CE /* createToDoListTests.swift */,
				6B3790E324536EC6005787CE /* Info.plist */,
			);
			path = createToDoListTests;
			sourceTree = "<group>";
		};
		6B3790EC24537482005787CE /* Models */ = {
			isa = PBXGroup;
			children = (
				6B3790ED245374AE005787CE /* ToDoModel.swift */,
			);
			path = Models;
			sourceTree = "<group>";
		};
/* End PBXGroup section */

/* Begin PBXNativeTarget section */
		6B3790C624536EC3005787CE /* createToDoList */ = {
			isa = PBXNativeTarget;
			buildConfigurationList = 6B3790E624536EC6005787CE /* Build configuration list for PBXNativeTarget "createToDoList" */;
			buildPhases = (
				6B3790C324536EC3005787CE /* Sources */,
				6B3790C424536EC3005787CE /* Frameworks */,
				6B3790C524536EC3005787CE /* Resources */,
			);
			buildRules = (
			);
			dependencies = (
			);
			name = createToDoList;
			productName = createToDoList;
			productReference = 6B3790C724536EC3005787CE /* createToDoList.app */;
			productType = "com.apple.product-type.application";
		};
		6B3790DC24536EC6005787CE /* createToDoListTests */ = {
			isa = PBXNativeTarget;
			buildConfigurationList = 6B3790E924536EC6005787CE /* Build configuration list for PBXNativeTarget "createToDoListTests" */;
			buildPhases = (
				6B3790D924536EC6005787CE /* Sources */,
				6B3790DA24536EC6005787CE /* Frameworks */,
				6B3790DB24536EC6005787CE /* Resources */,
			);
			buildRules = (
			);
			dependencies = (
				6B3790DF24536EC6005787CE /* PBXTargetDependency */,
			);
			name = createToDoListTests;
			productName = createToDoListTests;
			productReference = 6B3790DD24536EC6005787CE /* createToDoListTests.xctest */;
			productType = "com.apple.product-type.bundle.unit-test";
		};
/* End PBXNativeTarget section */

/* Begin PBXProject section */
		6B3790BF24536EC3005787CE /* Project object */ = {
			isa = PBXProject;
			attributes = {
				LastSwiftUpdateCheck = 1100;
				LastUpgradeCheck = 1100;
				ORGANIZATIONNAME = "Kary Martinez";
				TargetAttributes = {
					6B3790C624536EC3005787CE = {
						CreatedOnToolsVersion = 11.0;
					};
					6B3790DC24536EC6005787CE = {
						CreatedOnToolsVersion = 11.0;
						TestTargetID = 6B3790C624536EC3005787CE;
					};
				};
			};
			buildConfigurationList = 6B3790C224536EC3005787CE /* Build configuration list for PBXProject "createToDoList" */;
			compatibilityVersion = "Xcode 9.3";
			developmentRegion = en;
			hasScannedForEncodings = 0;
			knownRegions = (
				en,
				Base,
			);
			mainGroup = 6B3790BE24536EC3005787CE;
			productRefGroup = 6B3790C824536EC3005787CE /* Products */;
			projectDirPath = "";
			projectRoot = "";
			targets = (
				6B3790C624536EC3005787CE /* createToDoList */,
				6B3790DC24536EC6005787CE /* createToDoListTests */,
			);
		};
/* End PBXProject section */

/* Begin PBXResourcesBuildPhase section */
		6B3790C524536EC3005787CE /* Resources */ = {
			isa = PBXResourcesBuildPhase;
			buildActionMask = 2147483647;
			files = (
				6B3790D724536EC6005787CE /* LaunchScreen.storyboard in Resources */,
				6B3790D424536EC6005787CE /* Assets.xcassets in Resources */,
				6B3790D224536EC3005787CE /* Main.storyboard in Resources */,
			);
			runOnlyForDeploymentPostprocessing = 0;
		};
		6B3790DB24536EC6005787CE /* Resources */ = {
			isa = PBXResourcesBuildPhase;
			buildActionMask = 2147483647;
			files = (
			);
			runOnlyForDeploymentPostprocessing = 0;
		};
/* End PBXResourcesBuildPhase section */

/* Begin PBXSourcesBuildPhase section */
		6B3790C324536EC3005787CE /* Sources */ = {
			isa = PBXSourcesBuildPhase;
			buildActionMask = 2147483647;
			files = (
				6B3790CF24536EC3005787CE /* ViewController.swift in Sources */,
				6B3790EE245374AE005787CE /* ToDoModel.swift in Sources */,
				6B3790F224538615005787CE /* CreateViewController.swift in Sources */,
				6B3790CB24536EC3005787CE /* AppDelegate.swift in Sources */,
				6B3790CD24536EC3005787CE /* SceneDelegate.swift in Sources */,
				6B3790F024537CCE005787CE /* ToDoTableViewCell.swift in Sources */,
			);
			runOnlyForDeploymentPostprocessing = 0;
		};
		6B3790D924536EC6005787CE /* Sources */ = {
			isa = PBXSourcesBuildPhase;
			buildActionMask = 2147483647;
			files = (
				6B3790E224536EC6005787CE /* createToDoListTests.swift in Sources */,
			);
			runOnlyForDeploymentPostprocessing = 0;
		};
/* End PBXSourcesBuildPhase section */

/* Begin PBXTargetDependency section */
		6B3790DF24536EC6005787CE /* PBXTargetDependency */ = {
			isa = PBXTargetDependency;
			target = 6B3790C624536EC3005787CE /* createToDoList */;
			targetProxy = 6B3790DE24536EC6005787CE /* PBXContainerItemProxy */;
		};
/* End PBXTargetDependency section */

/* Begin PBXVariantGroup section */
		6B3790D024536EC3005787CE /* Main.storyboard */ = {
			isa = PBXVariantGroup;
			children = (
				6B3790D124536EC3005787CE /* Base */,
			);
			name = Main.storyboard;
			sourceTree = "<group>";
		};
		6B3790D524536EC6005787CE /* LaunchScreen.storyboard */ = {
			isa = PBXVariantGroup;
			children = (
				6B3790D624536EC6005787CE /* Base */,
			);
			name = LaunchScreen.storyboard;
			sourceTree = "<group>";
		};
/* End PBXVariantGroup section */

/* Begin XCBuildConfiguration section */
		6B3790E424536EC6005787CE /* Debug */ = {
			isa = XCBuildConfiguration;
			buildSettings = {
				ALWAYS_SEARCH_USER_PATHS = NO;
				CLANG_ANALYZER_NONNULL = YES;
				CLANG_ANALYZER_NUMBER_OBJECT_CONVERSION = YES_AGGRESSIVE;
				CLANG_CXX_LANGUAGE_STANDARD = "gnu++14";
				CLANG_CXX_LIBRARY = "libc++";
				CLANG_ENABLE_MODULES = YES;
				CLANG_ENABLE_OBJC_ARC = YES;
				CLANG_ENABLE_OBJC_WEAK = YES;
				CLANG_WARN_BLOCK_CAPTURE_AUTORELEASING = YES;
				CLANG_WARN_BOOL_CONVERSION = YES;
				CLANG_WARN_COMMA = YES;
				CLANG_WARN_CONSTANT_CONVERSION = YES;
				CLANG_WARN_DEPRECATED_OBJC_IMPLEMENTATIONS = YES;
				CLANG_WARN_DIRECT_OBJC_ISA_USAGE = YES_ERROR;
				CLANG_WARN_DOCUMENTATION_COMMENTS = YES;
				CLANG_WARN_EMPTY_BODY = YES;
				CLANG_WARN_ENUM_CONVERSION = YES;
				CLANG_WARN_INFINITE_RECURSION = YES;
				CLANG_WARN_INT_CONVERSION = YES;
				CLANG_WARN_NON_LITERAL_NULL_CONVERSION = YES;
				CLANG_WARN_OBJC_IMPLICIT_RETAIN_SELF = YES;
				CLANG_WARN_OBJC_LITERAL_CONVERSION = YES;
				CLANG_WARN_OBJC_ROOT_CLASS = YES_ERROR;
				CLANG_WARN_RANGE_LOOP_ANALYSIS = YES;
				CLANG_WARN_STRICT_PROTOTYPES = YES;
				CLANG_WARN_SUSPICIOUS_MOVE = YES;
				CLANG_WARN_UNGUARDED_AVAILABILITY = YES_AGGRESSIVE;
				CLANG_WARN_UNREACHABLE_CODE = YES;
				CLANG_WARN__DUPLICATE_METHOD_MATCH = YES;
				COPY_PHASE_STRIP = NO;
				DEBUG_INFORMATION_FORMAT = dwarf;
				ENABLE_STRICT_OBJC_MSGSEND = YES;
				ENABLE_TESTABILITY = YES;
				GCC_C_LANGUAGE_STANDARD = gnu11;
				GCC_DYNAMIC_NO_PIC = NO;
				GCC_NO_COMMON_BLOCKS = YES;
				GCC_OPTIMIZATION_LEVEL = 0;
				GCC_PREPROCESSOR_DEFINITIONS = (
					"DEBUG=1",
					"$(inherited)",
				);
				GCC_WARN_64_TO_32_BIT_CONVERSION = YES;
				GCC_WARN_ABOUT_RETURN_TYPE = YES_ERROR;
				GCC_WARN_UNDECLARED_SELECTOR = YES;
				GCC_WARN_UNINITIALIZED_AUTOS = YES_AGGRESSIVE;
				GCC_WARN_UNUSED_FUNCTION = YES;
				GCC_WARN_UNUSED_VARIABLE = YES;
				IPHONEOS_DEPLOYMENT_TARGET = 13.0;
				MTL_ENABLE_DEBUG_INFO = INCLUDE_SOURCE;
				MTL_FAST_MATH = YES;
				ONLY_ACTIVE_ARCH = YES;
				SDKROOT = iphoneos;
				SWIFT_ACTIVE_COMPILATION_CONDITIONS = DEBUG;
				SWIFT_OPTIMIZATION_LEVEL = "-Onone";
			};
			name = Debug;
		};
		6B3790E524536EC6005787CE /* Release */ = {
			isa = XCBuildConfiguration;
			buildSettings = {
				ALWAYS_SEARCH_USER_PATHS = NO;
				CLANG_ANALYZER_NONNULL = YES;
				CLANG_ANALYZER_NUMBER_OBJECT_CONVERSION = YES_AGGRESSIVE;
				CLANG_CXX_LANGUAGE_STANDARD = "gnu++14";
				CLANG_CXX_LIBRARY = "libc++";
				CLANG_ENABLE_MODULES = YES;
				CLANG_ENABLE_OBJC_ARC = YES;
				CLANG_ENABLE_OBJC_WEAK = YES;
				CLANG_WARN_BLOCK_CAPTURE_AUTORELEASING = YES;
				CLANG_WARN_BOOL_CONVERSION = YES;
				CLANG_WARN_COMMA = YES;
				CLANG_WARN_CONSTANT_CONVERSION = YES;
				CLANG_WARN_DEPRECATED_OBJC_IMPLEMENTATIONS = YES;
				CLANG_WARN_DIRECT_OBJC_ISA_USAGE = YES_ERROR;
				CLANG_WARN_DOCUMENTATION_COMMENTS = YES;
				CLANG_WARN_EMPTY_BODY = YES;
				CLANG_WARN_ENUM_CONVERSION = YES;
				CLANG_WARN_INFINITE_RECURSION = YES;
				CLANG_WARN_INT_CONVERSION = YES;
				CLANG_WARN_NON_LITERAL_NULL_CONVERSION = YES;
				CLANG_WARN_OBJC_IMPLICIT_RETAIN_SELF = YES;
				CLANG_WARN_OBJC_LITERAL_CONVERSION = YES;
				CLANG_WARN_OBJC_ROOT_CLASS = YES_ERROR;
				CLANG_WARN_RANGE_LOOP_ANALYSIS = YES;
				CLANG_WARN_STRICT_PROTOTYPES = YES;
				CLANG_WARN_SUSPICIOUS_MOVE = YES;
				CLANG_WARN_UNGUARDED_AVAILABILITY = YES_AGGRESSIVE;
				CLANG_WARN_UNREACHABLE_CODE = YES;
				CLANG_WARN__DUPLICATE_METHOD_MATCH = YES;
				COPY_PHASE_STRIP = NO;
				DEBUG_INFORMATION_FORMAT = "dwarf-with-dsym";
				ENABLE_NS_ASSERTIONS = NO;
				ENABLE_STRICT_OBJC_MSGSEND = YES;
				GCC_C_LANGUAGE_STANDARD = gnu11;
				GCC_NO_COMMON_BLOCKS = YES;
				GCC_WARN_64_TO_32_BIT_CONVERSION = YES;
				GCC_WARN_ABOUT_RETURN_TYPE = YES_ERROR;
				GCC_WARN_UNDECLARED_SELECTOR = YES;
				GCC_WARN_UNINITIALIZED_AUTOS = YES_AGGRESSIVE;
				GCC_WARN_UNUSED_FUNCTION = YES;
				GCC_WARN_UNUSED_VARIABLE = YES;
				IPHONEOS_DEPLOYMENT_TARGET = 13.0;
				MTL_ENABLE_DEBUG_INFO = NO;
				MTL_FAST_MATH = YES;
				SDKROOT = iphoneos;
				SWIFT_COMPILATION_MODE = wholemodule;
				SWIFT_OPTIMIZATION_LEVEL = "-O";
				VALIDATE_PRODUCT = YES;
			};
			name = Release;
		};
		6B3790E724536EC6005787CE /* Debug */ = {
			isa = XCBuildConfiguration;
			buildSettings = {
				ASSETCATALOG_COMPILER_APPICON_NAME = AppIcon;
				CODE_SIGN_STYLE = Automatic;
				INFOPLIST_FILE = createToDoList/Info.plist;
				LD_RUNPATH_SEARCH_PATHS = (
					"$(inherited)",
					"@executable_path/Frameworks",
				);
				PRODUCT_BUNDLE_IDENTIFIER = project.createToDoList;
				PRODUCT_NAME = "$(TARGET_NAME)";
				SWIFT_VERSION = 5.0;
				TARGETED_DEVICE_FAMILY = "1,2";
			};
			name = Debug;
		};
		6B3790E824536EC6005787CE /* Release */ = {
			isa = XCBuildConfiguration;
			buildSettings = {
				ASSETCATALOG_COMPILER_APPICON_NAME = AppIcon;
				CODE_SIGN_STYLE = Automatic;
				INFOPLIST_FILE = createToDoList/Info.plist;
				LD_RUNPATH_SEARCH_PATHS = (
					"$(inherited)",
					"@executable_path/Frameworks",
				);
				PRODUCT_BUNDLE_IDENTIFIER = project.createToDoList;
				PRODUCT_NAME = "$(TARGET_NAME)";
				SWIFT_VERSION = 5.0;
				TARGETED_DEVICE_FAMILY = "1,2";
			};
			name = Release;
		};
		6B3790EA24536EC6005787CE /* Debug */ = {
			isa = XCBuildConfiguration;
			buildSettings = {
				ALWAYS_EMBED_SWIFT_STANDARD_LIBRARIES = YES;
				BUNDLE_LOADER = "$(TEST_HOST)";
				CODE_SIGN_STYLE = Automatic;
				INFOPLIST_FILE = createToDoListTests/Info.plist;
				IPHONEOS_DEPLOYMENT_TARGET = 13.0;
				LD_RUNPATH_SEARCH_PATHS = (
					"$(inherited)",
					"@executable_path/Frameworks",
					"@loader_path/Frameworks",
				);
				PRODUCT_BUNDLE_IDENTIFIER = project.createToDoListTests;
				PRODUCT_NAME = "$(TARGET_NAME)";
				SWIFT_VERSION = 5.0;
				TARGETED_DEVICE_FAMILY = "1,2";
				TEST_HOST = "$(BUILT_PRODUCTS_DIR)/createToDoList.app/createToDoList";
			};
			name = Debug;
		};
		6B3790EB24536EC6005787CE /* Release */ = {
			isa = XCBuildConfiguration;
			buildSettings = {
				ALWAYS_EMBED_SWIFT_STANDARD_LIBRARIES = YES;
				BUNDLE_LOADER = "$(TEST_HOST)";
				CODE_SIGN_STYLE = Automatic;
				INFOPLIST_FILE = createToDoListTests/Info.plist;
				IPHONEOS_DEPLOYMENT_TARGET = 13.0;
				LD_RUNPATH_SEARCH_PATHS = (
					"$(inherited)",
					"@executable_path/Frameworks",
					"@loader_path/Frameworks",
				);
				PRODUCT_BUNDLE_IDENTIFIER = project.createToDoListTests;
				PRODUCT_NAME = "$(TARGET_NAME)";
				SWIFT_VERSION = 5.0;
				TARGETED_DEVICE_FAMILY = "1,2";
				TEST_HOST = "$(BUILT_PRODUCTS_DIR)/createToDoList.app/createToDoList";
			};
			name = Release;
		};
/* End XCBuildConfiguration section */

/* Begin XCConfigurationList section */
		6B3790C224536EC3005787CE /* Build configuration list for PBXProject "createToDoList" */ = {
			isa = XCConfigurationList;
			buildConfigurations = (
				6B3790E424536EC6005787CE /* Debug */,
				6B3790E524536EC6005787CE /* Release */,
			);
			defaultConfigurationIsVisible = 0;
			defaultConfigurationName = Release;
		};
		6B3790E624536EC6005787CE /* Build configuration list for PBXNativeTarget "createToDoList" */ = {
			isa = XCConfigurationList;
			buildConfigurations = (
				6B3790E724536EC6005787CE /* Debug */,
				6B3790E824536EC6005787CE /* Release */,
			);
			defaultConfigurationIsVisible = 0;
			defaultConfigurationName = Release;
		};
		6B3790E924536EC6005787CE /* Build configuration list for PBXNativeTarget "createToDoListTests" */ = {
			isa = XCConfigurationList;
			buildConfigurations = (
				6B3790EA24536EC6005787CE /* Debug */,
				6B3790EB24536EC6005787CE /* Release */,
			);
			defaultConfigurationIsVisible = 0;
			defaultConfigurationName = Release;
		};
/* End XCConfigurationList section */
	};
	rootObject = 6B3790BF24536EC3005787CE /* Project object */;
}
